# @generated by Move, please check-in and do not edit manually.

[move]
version = 2
manifest_digest = "FA06BB993EF9066B62C4B1925AEE00EBD733E565DAADEC998681372FD8C1577C"
deps_digest = "F8BBB0CCB2491CA29A3DF03D6F92277A4F3574266507ACD77214D37ECA3F3082"
dependencies = [
  { name = "Sui" },
]

[[move.package]]
name = "MoveStdlib"
source = { git = "https://github.com/MystenLabs/sui.git", rev = "framework/testnet", subdir = "crates/sui-framework/packages/move-stdlib" }

[[move.package]]
name = "Sui"
source = { git = "https://github.com/MystenLabs/sui.git", rev = "framework/testnet", subdir = "crates/sui-framework/packages/sui-framework" }

dependencies = [
  { name = "MoveStdlib" },
]

[move.toolchain-version]
compiler-version = "1.23.0"
edition = "2024.beta"
flavor = "sui"

[env]

[env.testnet]
chain-id = "4c78adac"
original-published-id = "0xf99d9b28767005ff275296742d4afb6a87007657d15da9c50c720f2fb0160cab"
latest-published-id = "0xf99d9b28767005ff275296742d4afb6a87007657d15da9c50c720f2fb0160cab"
published-version = "1"
