# @generated by Move, please check-in and do not edit manually.

[move]
version = 2
manifest_digest = "C973CD697CBDE6A73EEFE67E6D3235AC3B66E501E14A1003D792574DE2DFAB20"
deps_digest = "F8BBB0CCB2491CA29A3DF03D6F92277A4F3574266507ACD77214D37ECA3F3082"
dependencies = [
  { name = "Sui" },
]

[[move.package]]
name = "MoveStdlib"
source = { git = "https://github.com/MystenLabs/sui.git", rev = "framework/testnet", subdir = "crates/sui-framework/packages/move-stdlib" }

[[move.package]]
name = "Sui"
source = { git = "https://github.com/MystenLabs/sui.git", rev = "framework/testnet", subdir = "crates/sui-framework/packages/sui-framework" }

dependencies = [
  { name = "MoveStdlib" },
]

[move.toolchain-version]
compiler-version = "1.23.0"
edition = "2024.beta"
flavor = "sui"

[env]

[env.testnet]
chain-id = "4c78adac"
original-published-id = "0x8bed9824618b10a9126c0681af2912cd674aec7f2a35896fc8a8b9b2f50ba981"
latest-published-id = "0x8bed9824618b10a9126c0681af2912cd674aec7f2a35896fc8a8b9b2f50ba981"
published-version = "1"

[env.mainnet]
chain-id = "35834a8a"
original-published-id = "0xb64766fecf7ba01aa09c6c84fa400905b97081f42f8eb65185a62d1e9ac3a68f"
latest-published-id = "0xb64766fecf7ba01aa09c6c84fa400905b97081f42f8eb65185a62d1e9ac3a68f"
published-version = "1"
